
Microsoft Visual Studio Solution File, Format Version 12.00
# Visual Studio Version 17
VisualStudioVersion = 17.4.33213.308
MinimumVisualStudioVersion = 10.0.40219.1
Project("{9A19103F-16F7-4668-BE54-9A1E7A4F7556}") = "Repoex.Server", "Repoex\Server\Repoex.Server.csproj", "{266F906D-23AF-4E01-A9D6-51DB87CC8B69}"
EndProject
Project("{9A19103F-16F7-4668-BE54-9A1E7A4F7556}") = "Repoex.Client", "Repoex\Client\Repoex.Client.csproj", "{5F85B4EF-2F39-4217-8ACC-C699D30C113D}"
EndProject
Project("{9A19103F-16F7-4668-BE54-9A1E7A4F7556}") = "Repoex.Shared", "Repoex\Shared\Repoex.Shared.csproj", "{2B0F801C-AFDB-4C01-AD76-C8868A803AD2}"
EndProject
Global
	GlobalSection(SolutionConfigurationPlatforms) = preSolution
		Debug|Any CPU = Debug|Any CPU
		Release|Any CPU = Release|Any CPU
	EndGlobalSection
	GlobalSection(ProjectConfigurationPlatforms) = postSolution
		{266F906D-23AF-4E01-A9D6-51DB87CC8B69}.Debug|Any CPU.ActiveCfg = Debug|Any CPU
		{266F906D-23AF-4E01-A9D6-51DB87CC8B69}.Debug|Any CPU.Build.0 = Debug|Any CPU
		{266F906D-23AF-4E01-A9D6-51DB87CC8B69}.Release|Any CPU.ActiveCfg = Release|Any CPU
		{266F906D-23AF-4E01-A9D6-51DB87CC8B69}.Release|Any CPU.Build.0 = Release|Any CPU
		{5F85B4EF-2F39-4217-8ACC-C699D30C113D}.Debug|Any CPU.ActiveCfg = Debug|Any CPU
		{5F85B4EF-2F39-4217-8ACC-C699D30C113D}.Debug|Any CPU.Build.0 = Debug|Any CPU
		{5F85B4EF-2F39-4217-8ACC-C699D30C113D}.Release|Any CPU.ActiveCfg = Release|Any CPU
		{5F85B4EF-2F39-4217-8ACC-C699D30C113D}.Release|Any CPU.Build.0 = Release|Any CPU
		{2B0F801C-AFDB-4C01-AD76-C8868A803AD2}.Debug|Any CPU.ActiveCfg = Debug|Any CPU
		{2B0F801C-AFDB-4C01-AD76-C8868A803AD2}.Debug|Any CPU.Build.0 = Debug|Any CPU
		{2B0F801C-AFDB-4C01-AD76-C8868A803AD2}.Release|Any CPU.ActiveCfg = Release|Any CPU
		{2B0F801C-AFDB-4C01-AD76-C8868A803AD2}.Release|Any CPU.Build.0 = Release|Any CPU
	EndGlobalSection
	GlobalSection(SolutionProperties) = preSolution
		HideSolutionNode = FALSE
	EndGlobalSection
	GlobalSection(ExtensibilityGlobals) = postSolution
		SolutionGuid = {C1F625C3-145D-47CF-B8DC-1D82FE56653D}
	EndGlobalSection
EndGlobal
